// !$*UTF8*$!
{
	archiveVersion = 1;
	classes = {
	};
	objectVersion = 50;
	objects = {

/* Begin PBXBuildFile section */
		839F85772281806300DE471C /* TableViewCell.swift in Sources */ = {isa = PBXBuildFile; fileRef = 839F85762281806300DE471C /* TableViewCell.swift */; };
		83AA89E32281722100541368 /* AppDelegate.swift in Sources */ = {isa = PBXBuildFile; fileRef = 83AA89E22281722100541368 /* AppDelegate.swift */; };
		83AA89E82281722100541368 /* Main.storyboard in Resources */ = {isa = PBXBuildFile; fileRef = 83AA89E62281722100541368 /* Main.storyboard */; };
		83AA89EA2281722A00541368 /* Assets.xcassets in Resources */ = {isa = PBXBuildFile; fileRef = 83AA89E92281722A00541368 /* Assets.xcassets */; };
		83AA89ED2281722A00541368 /* LaunchScreen.storyboard in Resources */ = {isa = PBXBuildFile; fileRef = 83AA89EB2281722A00541368 /* LaunchScreen.storyboard */; };
		83AADA5E22817BA300E9D5B3 /* LazyTableViewController.swift in Sources */ = {isa = PBXBuildFile; fileRef = 83AADA5D22817BA300E9D5B3 /* LazyTableViewController.swift */; };
		83D93F822281ABB20074DAD2 /* bufferTableViewCell.swift in Sources */ = {isa = PBXBuildFile; fileRef = 83D93F802281ABB20074DAD2 /* bufferTableViewCell.swift */; };
		83D93F832281ABB20074DAD2 /* bufferTableViewCell.xib in Resources */ = {isa = PBXBuildFile; fileRef = 83D93F812281ABB20074DAD2 /* bufferTableViewCell.xib */; };
/* End PBXBuildFile section */

/* Begin PBXFileReference section */
		839F85762281806300DE471C /* TableViewCell.swift */ = {isa = PBXFileReference; lastKnownFileType = sourcecode.swift; path = TableViewCell.swift; sourceTree = "<group>"; };
		83AA89DF2281722100541368 /* LazyLoading.app */ = {isa = PBXFileReference; explicitFileType = wrapper.application; includeInIndex = 0; path = LazyLoading.app; sourceTree = BUILT_PRODUCTS_DIR; };
		83AA89E22281722100541368 /* AppDelegate.swift */ = {isa = PBXFileReference; lastKnownFileType = sourcecode.swift; path = AppDelegate.swift; sourceTree = "<group>"; };
		83AA89E72281722100541368 /* Base */ = {isa = PBXFileReference; lastKnownFileType = file.storyboard; name = Base; path = Base.lproj/Main.storyboard; sourceTree = "<group>"; };
		83AA89E92281722A00541368 /* Assets.xcassets */ = {isa = PBXFileReference; lastKnownFileType = folder.assetcatalog; path = Assets.xcassets; sourceTree = "<group>"; };
		83AA89EC2281722A00541368 /* Base */ = {isa = PBXFileReference; lastKnownFileType = file.storyboard; name = Base; path = Base.lproj/LaunchScreen.storyboard; sourceTree = "<group>"; };
		83AA89EE2281722A00541368 /* Info.plist */ = {isa = PBXFileReference; lastKnownFileType = text.plist.xml; path = Info.plist; sourceTree = "<group>"; };
		83AADA5D22817BA300E9D5B3 /* LazyTableViewController.swift */ = {isa = PBXFileReference; lastKnownFileType = sourcecode.swift; path = LazyTableViewController.swift; sourceTree = "<group>"; };
		83D93F802281ABB20074DAD2 /* bufferTableViewCell.swift */ = {isa = PBXFileReference; lastKnownFileType = sourcecode.swift; path = bufferTableViewCell.swift; sourceTree = "<group>"; };
		83D93F812281ABB20074DAD2 /* bufferTableViewCell.xib */ = {isa = PBXFileReference; lastKnownFileType = file.xib; path = bufferTableViewCell.xib; sourceTree = "<group>"; };
/* End PBXFileReference section */

/* Begin PBXFrameworksBuildPhase section */
		83AA89DC2281722100541368 /* Frameworks */ = {
			isa = PBXFrameworksBuildPhase;
			buildActionMask = 2147483647;
			files = (
			);
			runOnlyForDeploymentPostprocessing = 0;
		};
/* End PBXFrameworksBuildPhase section */

/* Begin PBXGroup section */
		83AA89D62281722100541368 = {
			isa = PBXGroup;
			children = (
				83AA89E12281722100541368 /* LazyLoading */,
				83AA89E02281722100541368 /* Products */,
			);
			sourceTree = "<group>";
		};
		83AA89E02281722100541368 /* Products */ = {
			isa = PBXGroup;
			children = (
				83AA89DF2281722100541368 /* LazyLoading.app */,
			);
			name = Products;
			sourceTree = "<group>";
		};
		83AA89E12281722100541368 /* LazyLoading */ = {
			isa = PBXGroup;
			children = (
				83AA89E22281722100541368 /* AppDelegate.swift */,
				83AA89E62281722100541368 /* Main.storyboard */,
				83AA89E92281722A00541368 /* Assets.xcassets */,
				83AA89EB2281722A00541368 /* LaunchScreen.storyboard */,
				83AA89EE2281722A00541368 /* Info.plist */,
				83AADA5D22817BA300E9D5B3 /* LazyTableViewController.swift */,
				839F85762281806300DE471C /* TableViewCell.swift */,
				83D93F802281ABB20074DAD2 /* bufferTableViewCell.swift */,
				83D93F812281ABB20074DAD2 /* bufferTableViewCell.xib */,
			);
			path = LazyLoading;
			sourceTree = "<group>";
		};
/* End PBXGroup section */

/* Begin PBXNativeTarget section */
		83AA89DE2281722100541368 /* LazyLoading */ = {
			isa = PBXNativeTarget;
			buildConfigurationList = 83AA89F12281722A00541368 /* Build configuration list for PBXNativeTarget "LazyLoading" */;
			buildPhases = (
				83AA89DB2281722100541368 /* Sources */,
				83AA89DC2281722100541368 /* Frameworks */,
				83AA89DD2281722100541368 /* Resources */,
			);
			buildRules = (
			);
			dependencies = (
			);
			name = LazyLoading;
			productName = LazyLoading;
			productReference = 83AA89DF2281722100541368 /* LazyLoading.app */;
			productType = "com.apple.product-type.application";
		};
/* End PBXNativeTarget section */

/* Begin PBXProject section */
		83AA89D72281722100541368 /* Project object */ = {
			isa = PBXProject;
			attributes = {
				LastSwiftUpdateCheck = 1000;
				LastUpgradeCheck = 1000;
				ORGANIZATIONNAME = com.sanchit;
				TargetAttributes = {
					83AA89DE2281722100541368 = {
						CreatedOnToolsVersion = 10.0;
					};
				};
			};
			buildConfigurationList = 83AA89DA2281722100541368 /* Build configuration list for PBXProject "LazyLoading" */;
			compatibilityVersion = "Xcode 9.3";
			developmentRegion = en;
			hasScannedForEncodings = 0;
			knownRegions = (
				en,
				Base,
			);
			mainGroup = 83AA89D62281722100541368;
			productRefGroup = 83AA89E02281722100541368 /* Products */;
			projectDirPath = "";
			projectRoot = "";
			targets = (
				83AA89DE2281722100541368 /* LazyLoading */,
			);
		};
/* End PBXProject section */

/* Begin PBXResourcesBuildPhase section */
		83AA89DD2281722100541368 /* Resources */ = {
			isa = PBXResourcesBuildPhase;
			buildActionMask = 2147483647;
			files = (
				83AA89ED2281722A00541368 /* LaunchScreen.storyboard in Resources */,
				83D93F832281ABB20074DAD2 /* bufferTableViewCell.xib in Resources */,
				83AA89EA2281722A00541368 /* Assets.xcassets in Resources */,
				83AA89E82281722100541368 /* Main.storyboard in Resources */,
			);
			runOnlyForDeploymentPostprocessing = 0;
		};
/* End PBXResourcesBuildPhase section */

/* Begin PBXSourcesBuildPhase section */
		83AA89DB2281722100541368 /* Sources */ = {
			isa = PBXSourcesBuildPhase;
			buildActionMask = 2147483647;
			files = (
				839F85772281806300DE471C /* TableViewCell.swift in Sources */,
				83D93F822281ABB20074DAD2 /* bufferTableViewCell.swift in Sources */,
				83AA89E32281722100541368 /* AppDelegate.swift in Sources */,
				83AADA5E22817BA300E9D5B3 /* LazyTableViewController.swift in Sources */,
			);
			runOnlyForDeploymentPostprocessing = 0;
		};
/* End PBXSourcesBuildPhase section */

/* Begin PBXVariantGroup section */
		83AA89E62281722100541368 /* Main.storyboard */ = {
			isa = PBXVariantGroup;
			children = (
				83AA89E72281722100541368 /* Base */,
			);
			name = Main.storyboard;
			sourceTree = "<group>";
		};
		83AA89EB2281722A00541368 /* LaunchScreen.storyboard */ = {
			isa = PBXVariantGroup;
			children = (
				83AA89EC2281722A00541368 /* Base */,
			);
			name = LaunchScreen.storyboard;
			sourceTree = "<group>";
		};
/* End PBXVariantGroup section */

/* Begin XCBuildConfiguration section */
		83AA89EF2281722A00541368 /* Debug */ = {
			isa = XCBuildConfiguration;
			buildSettings = {
				ALWAYS_SEARCH_USER_PATHS = NO;
				CLANG_ANALYZER_NONNULL = YES;
				CLANG_ANALYZER_NUMBER_OBJECT_CONVERSION = YES_AGGRESSIVE;
				CLANG_CXX_LANGUAGE_STANDARD = "gnu++14";
				CLANG_CXX_LIBRARY = "libc++";
				CLANG_ENABLE_MODULES = YES;
				CLANG_ENABLE_OBJC_ARC = YES;
				CLANG_ENABLE_OBJC_WEAK = YES;
				CLANG_WARN_BLOCK_CAPTURE_AUTORELEASING = YES;
				CLANG_WARN_BOOL_CONVERSION = YES;
				CLANG_WARN_COMMA = YES;
				CLANG_WARN_CONSTANT_CONVERSION = YES;
				CLANG_WARN_DEPRECATED_OBJC_IMPLEMENTATIONS = YES;
				CLANG_WARN_DIRECT_OBJC_ISA_USAGE = YES_ERROR;
				CLANG_WARN_DOCUMENTATION_COMMENTS = YES;
				CLANG_WARN_EMPTY_BODY = YES;
				CLANG_WARN_ENUM_CONVERSION = YES;
				CLANG_WARN_INFINITE_RECURSION = YES;
				CLANG_WARN_INT_CONVERSION = YES;
				CLANG_WARN_NON_LITERAL_NULL_CONVERSION = YES;
				CLANG_WARN_OBJC_IMPLICIT_RETAIN_SELF = YES;
				CLANG_WARN_OBJC_LITERAL_CONVERSION = YES;
				CLANG_WARN_OBJC_ROOT_CLASS = YES_ERROR;
				CLANG_WARN_RANGE_LOOP_ANALYSIS = YES;
				CLANG_WARN_STRICT_PROTOTYPES = YES;
				CLANG_WARN_SUSPICIOUS_MOVE = YES;
				CLANG_WARN_UNGUARDED_AVAILABILITY = YES_AGGRESSIVE;
				CLANG_WARN_UNREACHABLE_CODE = YES;
				CLANG_WARN__DUPLICATE_METHOD_MATCH = YES;
				CODE_SIGN_IDENTITY = "iPhone Developer";
				COPY_PHASE_STRIP = NO;
				DEBUG_INFORMATION_FORMAT = dwarf;
				ENABLE_STRICT_OBJC_MSGSEND = YES;
				ENABLE_TESTABILITY = YES;
				GCC_C_LANGUAGE_STANDARD = gnu11;
				GCC_DYNAMIC_NO_PIC = NO;
				GCC_NO_COMMON_BLOCKS = YES;
				GCC_OPTIMIZATION_LEVEL = 0;
				GCC_PREPROCESSOR_DEFINITIONS = (
					"DEBUG=1",
					"$(inherited)",
				);
				GCC_WARN_64_TO_32_BIT_CONVERSION = YES;
				GCC_WARN_ABOUT_RETURN_TYPE = YES_ERROR;
				GCC_WARN_UNDECLARED_SELECTOR = YES;
				GCC_WARN_UNINITIALIZED_AUTOS = YES_AGGRESSIVE;
				GCC_WARN_UNUSED_FUNCTION = YES;
				GCC_WARN_UNUSED_VARIABLE = YES;
				IPHONEOS_DEPLOYMENT_TARGET = 12.0;
				MTL_ENABLE_DEBUG_INFO = INCLUDE_SOURCE;
				MTL_FAST_MATH = YES;
				ONLY_ACTIVE_ARCH = YES;
				SDKROOT = iphoneos;
				SWIFT_ACTIVE_COMPILATION_CONDITIONS = DEBUG;
				SWIFT_OPTIMIZATION_LEVEL = "-Onone";
			};
			name = Debug;
		};
		83AA89F02281722A00541368 /* Release */ = {
			isa = XCBuildConfiguration;
			buildSettings = {
				ALWAYS_SEARCH_USER_PATHS = NO;
				CLANG_ANALYZER_NONNULL = YES;
				CLANG_ANALYZER_NUMBER_OBJECT_CONVERSION = YES_AGGRESSIVE;
				CLANG_CXX_LANGUAGE_STANDARD = "gnu++14";
				CLANG_CXX_LIBRARY = "libc++";
				CLANG_ENABLE_MODULES = YES;
				CLANG_ENABLE_OBJC_ARC = YES;
				CLANG_ENABLE_OBJC_WEAK = YES;
				CLANG_WARN_BLOCK_CAPTURE_AUTORELEASING = YES;
				CLANG_WARN_BOOL_CONVERSION = YES;
				CLANG_WARN_COMMA = YES;
				CLANG_WARN_CONSTANT_CONVERSION = YES;
				CLANG_WARN_DEPRECATED_OBJC_IMPLEMENTATIONS = YES;
				CLANG_WARN_DIRECT_OBJC_ISA_USAGE = YES_ERROR;
				CLANG_WARN_DOCUMENTATION_COMMENTS = YES;
				CLANG_WARN_EMPTY_BODY = YES;
				CLANG_WARN_ENUM_CONVERSION = YES;
				CLANG_WARN_INFINITE_RECURSION = YES;
				CLANG_WARN_INT_CONVERSION = YES;
				CLANG_WARN_NON_LITERAL_NULL_CONVERSION = YES;
				CLANG_WARN_OBJC_IMPLICIT_RETAIN_SELF = YES;
				CLANG_WARN_OBJC_LITERAL_CONVERSION = YES;
				CLANG_WARN_OBJC_ROOT_CLASS = YES_ERROR;
				CLANG_WARN_RANGE_LOOP_ANALYSIS = YES;
				CLANG_WARN_STRICT_PROTOTYPES = YES;
				CLANG_WARN_SUSPICIOUS_MOVE = YES;
				CLANG_WARN_UNGUARDED_AVAILABILITY = YES_AGGRESSIVE;
				CLANG_WARN_UNREACHABLE_CODE = YES;
				CLANG_WARN__DUPLICATE_METHOD_MATCH = YES;
				CODE_SIGN_IDENTITY = "iPhone Developer";
				COPY_PHASE_STRIP = NO;
				DEBUG_INFORMATION_FORMAT = "dwarf-with-dsym";
				ENABLE_NS_ASSERTIONS = NO;
				ENABLE_STRICT_OBJC_MSGSEND = YES;
				GCC_C_LANGUAGE_STANDARD = gnu11;
				GCC_NO_COMMON_BLOCKS = YES;
				GCC_WARN_64_TO_32_BIT_CONVERSION = YES;
				GCC_WARN_ABOUT_RETURN_TYPE = YES_ERROR;
				GCC_WARN_UNDECLARED_SELECTOR = YES;
				GCC_WARN_UNINITIALIZED_AUTOS = YES_AGGRESSIVE;
				GCC_WARN_UNUSED_FUNCTION = YES;
				GCC_WARN_UNUSED_VARIABLE = YES;
				IPHONEOS_DEPLOYMENT_TARGET = 12.0;
				MTL_ENABLE_DEBUG_INFO = NO;
				MTL_FAST_MATH = YES;
				SDKROOT = iphoneos;
				SWIFT_COMPILATION_MODE = wholemodule;
				SWIFT_OPTIMIZATION_LEVEL = "-O";
				VALIDATE_PRODUCT = YES;
			};
			name = Release;
		};
		83AA89F22281722A00541368 /* Debug */ = {
			isa = XCBuildConfiguration;
			buildSettings = {
				ASSETCATALOG_COMPILER_APPICON_NAME = AppIcon;
				CODE_SIGN_STYLE = Automatic;
				DEVELOPMENT_TEAM = 8PSHW52QK3;
				INFOPLIST_FILE = LazyLoading/Info.plist;
				LD_RUNPATH_SEARCH_PATHS = (
					"$(inherited)",
					"@executable_path/Frameworks",
				);
				PRODUCT_BUNDLE_IDENTIFIER = com.sanchit.LazyLoading;
				PRODUCT_NAME = "$(TARGET_NAME)";
				SWIFT_VERSION = 4.2;
				TARGETED_DEVICE_FAMILY = "1,2";
			};
			name = Debug;
		};
		83AA89F32281722A00541368 /* Release */ = {
			isa = XCBuildConfiguration;
			buildSettings = {
				ASSETCATALOG_COMPILER_APPICON_NAME = AppIcon;
				CODE_SIGN_STYLE = Automatic;
				DEVELOPMENT_TEAM = 8PSHW52QK3;
				INFOPLIST_FILE = LazyLoading/Info.plist;
				LD_RUNPATH_SEARCH_PATHS = (
					"$(inherited)",
					"@executable_path/Frameworks",
				);
				PRODUCT_BUNDLE_IDENTIFIER = com.sanchit.LazyLoading;
				PRODUCT_NAME = "$(TARGET_NAME)";
				SWIFT_VERSION = 4.2;
				TARGETED_DEVICE_FAMILY = "1,2";
			};
			name = Release;
		};
/* End XCBuildConfiguration section */

/* Begin XCConfigurationList section */
		83AA89DA2281722100541368 /* Build configuration list for PBXProject "LazyLoading" */ = {
			isa = XCConfigurationList;
			buildConfigurations = (
				83AA89EF2281722A00541368 /* Debug */,
				83AA89F02281722A00541368 /* Release */,
			);
			defaultConfigurationIsVisible = 0;
			defaultConfigurationName = Release;
		};
		83AA89F12281722A00541368 /* Build configuration list for PBXNativeTarget "LazyLoading" */ = {
			isa = XCConfigurationList;
			buildConfigurations = (
				83AA89F22281722A00541368 /* Debug */,
				83AA89F32281722A00541368 /* Release */,
			);
			defaultConfigurationIsVisible = 0;
			defaultConfigurationName = Release;
		};
/* End XCConfigurationList section */
	};
	rootObject = 83AA89D72281722100541368 /* Project object */;
}
